{
  "nodes": {
    "byond": {
      "flake": false,
      "locked": {
        "narHash": "sha256-ESm0Ca4EsjcgssEZUNTg/MwPoikJOzmm2JQsfJlmSH4=",
        "type": "tarball",
        "url": "https://www.byond.com/download/build/514/514.1581_byond.zip"
      },
      "original": {
        "type": "tarball",
        "url": "https://www.byond.com/download/build/514/514.1581_byond.zip"
      }
    },
    "nixpkgs": {
      "locked": {
        "lastModified": 1646304023,
        "narHash": "sha256-QqsfaWnJB4OT1ngvNnI3+dI3ByURgYNeC9vRq3AyfKw=",
        "owner": "NixOS",
        "repo": "nixpkgs",
        "rev": "d34f7085a90431b36547226735905f0bb69cbafa",
        "type": "github"
      },
      "original": {
        "id": "nixpkgs",
        "type": "indirect"
      }
    },
    "root": {
      "inputs": {
        "byond": "byond",
        "nixpkgs": "nixpkgs"
      }
    }
  },
  "root": "root",
  "version": 7
}
