{
  "nodes": {
    "byond": {
      "flake": false,
      "locked": {
        "narHash": "sha256-c4bU5IyFUw5akWK93yJtosBgPkfZpf1wRhJ40plDDEM=",
        "type": "tarball",
        "url": "https://www.byond.com/download/build/515/515.1597_byond.zip"
      },
      "original": {
        "type": "tarball",
        "url": "https://www.byond.com/download/build/515/515.1597_byond.zip"
      }
    },
    "nixpkgs": {
      "locked": {
        "lastModified": 1670918062,
        "narHash": "sha256-iOhkyBYUU9Jfkk0lvI4ahpjyrTsLXj9uyJWwmjKg+gg=",
        "owner": "NixOS",
        "repo": "nixpkgs",
        "rev": "84575b0bd882be979516f4fecfe4d7c8de8f6a92",
        "type": "github"
      },
      "original": {
        "id": "nixpkgs",
        "type": "indirect"
      }
    },
    "root": {
      "inputs": {
        "byond": "byond",
        "nixpkgs": "nixpkgs"
      }
    }
  },
  "root": "root",
  "version": 7
}
