{
  "nodes": {
    "byond": {
      "flake": false,
      "locked": {
        "narHash": "sha256-HBDP4zYwLeJqKZiOBTOVEFDTDcnDeE+9O1KUwnTWEaA=",
        "type": "tarball",
        "url": "https://www.byond.com/download/build/515/515.1590_byond.zip"
      },
      "original": {
        "type": "tarball",
        "url": "https://www.byond.com/download/build/515/515.1590_byond.zip"
      }
    },
    "nixpkgs": {
      "locked": {
        "lastModified": 1666603677,
        "narHash": "sha256-apAEIj+z1iwMaMJ4tB21r/VTetfGDLDzuhXRHJknIAU=",
        "owner": "NixOS",
        "repo": "nixpkgs",
        "rev": "074da18a72269cc5a6cf444dce42daea5649b2fe",
        "type": "github"
      },
      "original": {
        "id": "nixpkgs",
        "type": "indirect"
      }
    },
    "root": {
      "inputs": {
        "byond": "byond",
        "nixpkgs": "nixpkgs"
      }
    }
  },
  "root": "root",
  "version": 7
}
